
Microsoft Visual Studio Solution File, Format Version 12.00
# Visual Studio 15
VisualStudioVersion = 15.0.27130.2027
MinimumVisualStudioVersion = 10.0.40219.1
Project("{FAE04EC0-301F-11D3-BF4B-00C04F79EFBC}") = "TestPlugin", "TestPlugin\TestPlugin.csproj", "{75DE66CA-2937-46F1-B6E0-002E9F436630}"
EndProject
Global
	GlobalSection(SolutionConfigurationPlatforms) = preSolution
		Debug|Any CPU = Debug|Any CPU
		Release|Any CPU = Release|Any CPU
	EndGlobalSection
	GlobalSection(ProjectConfigurationPlatforms) = postSolution
		{75DE66CA-2937-46F1-B6E0-002E9F436630}.Debug|Any CPU.ActiveCfg = Debug|Any CPU
		{75DE66CA-2937-46F1-B6E0-002E9F436630}.Debug|Any CPU.Build.0 = Debug|Any CPU
		{75DE66CA-2937-46F1-B6E0-002E9F436630}.Release|Any CPU.ActiveCfg = Release|Any CPU
		{75DE66CA-2937-46F1-B6E0-002E9F436630}.Release|Any CPU.Build.0 = Release|Any CPU
	EndGlobalSection
	GlobalSection(SolutionProperties) = preSolution
		HideSolutionNode = FALSE
	EndGlobalSection
	GlobalSection(ExtensibilityGlobals) = postSolution
		SolutionGuid = {2D94A67B-4DC8-4FF2-B223-0FA59ED44451}
	EndGlobalSection
EndGlobal
